{
  "name": "tune-crafter-webapp",
  "version": "1.0.0",
  "lockfileVersion": 2,
  "requires": true,
  "packages": {
    "": {
      "name": "tune-crafter-webapp",
      "version": "1.0.0",
      "license": "ISC",
      "dependencies": {
        "@mediapipe/tasks-vision": "^0.10.6"
      }
    },
    "node_modules/@mediapipe/tasks-vision": {
      "version": "0.10.6",
      "resolved": "https://registry.npmjs.org/@mediapipe/tasks-vision/-/tasks-vision-0.10.6.tgz",
      "integrity": "sha512-DzWMTI0FIeIPsVqnFKRKFQ3yng9qrtT3YuYkGNVeoob12br4+MVoLFlfkKP36mIAYM9/Vj2SarXCvTA14rdQsQ=="
    }
  },
  "dependencies": {
    "@mediapipe/tasks-vision": {
      "version": "0.10.6",
      "resolved": "https://registry.npmjs.org/@mediapipe/tasks-vision/-/tasks-vision-0.10.6.tgz",
      "integrity": "sha512-DzWMTI0FIeIPsVqnFKRKFQ3yng9qrtT3YuYkGNVeoob12br4+MVoLFlfkKP36mIAYM9/Vj2SarXCvTA14rdQsQ=="
    }
  }
}
