{
  "name": "tune-crafter-webapp",
  "version": "1.0.0",
  "lockfileVersion": 2,
  "requires": true,
  "packages": {
    "": {
      "name": "tune-crafter-webapp",
      "version": "1.0.0",
      "license": "ISC",
      "dependencies": {
        "@mediapipe/tasks-vision": "^0.10.6"
      },
      "devDependencies": {
        "typescript": "^5.2.2"
      }
    },
    "node_modules/@mediapipe/tasks-vision": {
      "version": "0.10.6",
      "resolved": "https://registry.npmjs.org/@mediapipe/tasks-vision/-/tasks-vision-0.10.6.tgz",
      "integrity": "sha512-DzWMTI0FIeIPsVqnFKRKFQ3yng9qrtT3YuYkGNVeoob12br4+MVoLFlfkKP36mIAYM9/Vj2SarXCvTA14rdQsQ=="
    },
    "node_modules/typescript": {
      "version": "5.2.2",
      "resolved": "https://registry.npmjs.org/typescript/-/typescript-5.2.2.tgz",
      "integrity": "sha512-mI4WrpHsbCIcwT9cF4FZvr80QUeKvsUsUvKDoR+X/7XHQH98xYD8YHZg7ANtz2GtZt/CBq2QJ0thkGJMHfqc1w==",
      "dev": true,
      "bin": {
        "tsc": "bin/tsc",
        "tsserver": "bin/tsserver"
      },
      "engines": {
        "node": ">=14.17"
      }
    }
  },
  "dependencies": {
    "@mediapipe/tasks-vision": {
      "version": "0.10.6",
      "resolved": "https://registry.npmjs.org/@mediapipe/tasks-vision/-/tasks-vision-0.10.6.tgz",
      "integrity": "sha512-DzWMTI0FIeIPsVqnFKRKFQ3yng9qrtT3YuYkGNVeoob12br4+MVoLFlfkKP36mIAYM9/Vj2SarXCvTA14rdQsQ=="
    },
    "typescript": {
      "version": "5.2.2",
      "resolved": "https://registry.npmjs.org/typescript/-/typescript-5.2.2.tgz",
      "integrity": "sha512-mI4WrpHsbCIcwT9cF4FZvr80QUeKvsUsUvKDoR+X/7XHQH98xYD8YHZg7ANtz2GtZt/CBq2QJ0thkGJMHfqc1w==",
      "dev": true
    }
  }
}
